// !$*UTF8*$!
{
	archiveVersion = 1;
	classes = {
	};
	objectVersion = 50;
	objects = {

/* Begin PBXBuildFile section */
		A08B034925967B14003C7B32 /* Heap.swift in Sources */ = {isa = PBXBuildFile; fileRef = A08B034825967B14003C7B32 /* Heap.swift */; };
		A0D00BBF25950DEE003BC217 /* PathFinderApp.swift in Sources */ = {isa = PBXBuildFile; fileRef = A0D00BBE25950DEE003BC217 /* PathFinderApp.swift */; };
		A0D00BC125950DEE003BC217 /* ContentView.swift in Sources */ = {isa = PBXBuildFile; fileRef = A0D00BC025950DEE003BC217 /* ContentView.swift */; };
		A0D00BC325950DF0003BC217 /* Assets.xcassets in Resources */ = {isa = PBXBuildFile; fileRef = A0D00BC225950DF0003BC217 /* Assets.xcassets */; };
		A0D00BC625950DF0003BC217 /* Preview Assets.xcassets in Resources */ = {isa = PBXBuildFile; fileRef = A0D00BC525950DF0003BC217 /* Preview Assets.xcassets */; };
		A0D00BD125950E9E003BC217 /* GridView.swift in Sources */ = {isa = PBXBuildFile; fileRef = A0D00BD025950E9E003BC217 /* GridView.swift */; };
		A0D00BD425950EA7003BC217 /* ToolBarView.swift in Sources */ = {isa = PBXBuildFile; fileRef = A0D00BD325950EA7003BC217 /* ToolBarView.swift */; };
		A0D00BD825951023003BC217 /* GridItem.swift in Sources */ = {isa = PBXBuildFile; fileRef = A0D00BD725951023003BC217 /* GridItem.swift */; };
		A0D00BDB2595102A003BC217 /* Grid.swift in Sources */ = {isa = PBXBuildFile; fileRef = A0D00BDA2595102A003BC217 /* Grid.swift */; };
/* End PBXBuildFile section */

/* Begin PBXFileReference section */
		A08B034825967B14003C7B32 /* Heap.swift */ = {isa = PBXFileReference; lastKnownFileType = sourcecode.swift; path = Heap.swift; sourceTree = "<group>"; };
		A0D00BBB25950DEE003BC217 /* PathFinder.app */ = {isa = PBXFileReference; explicitFileType = wrapper.application; includeInIndex = 0; path = PathFinder.app; sourceTree = BUILT_PRODUCTS_DIR; };
		A0D00BBE25950DEE003BC217 /* PathFinderApp.swift */ = {isa = PBXFileReference; lastKnownFileType = sourcecode.swift; path = PathFinderApp.swift; sourceTree = "<group>"; };
		A0D00BC025950DEE003BC217 /* ContentView.swift */ = {isa = PBXFileReference; lastKnownFileType = sourcecode.swift; path = ContentView.swift; sourceTree = "<group>"; };
		A0D00BC225950DF0003BC217 /* Assets.xcassets */ = {isa = PBXFileReference; lastKnownFileType = folder.assetcatalog; path = Assets.xcassets; sourceTree = "<group>"; };
		A0D00BC525950DF0003BC217 /* Preview Assets.xcassets */ = {isa = PBXFileReference; lastKnownFileType = folder.assetcatalog; path = "Preview Assets.xcassets"; sourceTree = "<group>"; };
		A0D00BC725950DF0003BC217 /* Info.plist */ = {isa = PBXFileReference; lastKnownFileType = text.plist.xml; path = Info.plist; sourceTree = "<group>"; };
		A0D00BC825950DF0003BC217 /* PathFinder.entitlements */ = {isa = PBXFileReference; lastKnownFileType = text.plist.entitlements; path = PathFinder.entitlements; sourceTree = "<group>"; };
		A0D00BD025950E9E003BC217 /* GridView.swift */ = {isa = PBXFileReference; lastKnownFileType = sourcecode.swift; path = GridView.swift; sourceTree = "<group>"; };
		A0D00BD325950EA7003BC217 /* ToolBarView.swift */ = {isa = PBXFileReference; lastKnownFileType = sourcecode.swift; path = ToolBarView.swift; sourceTree = "<group>"; };
		A0D00BD725951023003BC217 /* GridItem.swift */ = {isa = PBXFileReference; lastKnownFileType = sourcecode.swift; path = GridItem.swift; sourceTree = "<group>"; };
		A0D00BDA2595102A003BC217 /* Grid.swift */ = {isa = PBXFileReference; lastKnownFileType = sourcecode.swift; path = Grid.swift; sourceTree = "<group>"; };
/* End PBXFileReference section */

/* Begin PBXFrameworksBuildPhase section */
		A0D00BB825950DEE003BC217 /* Frameworks */ = {
			isa = PBXFrameworksBuildPhase;
			buildActionMask = 2147483647;
			files = (
			);
			runOnlyForDeploymentPostprocessing = 0;
		};
/* End PBXFrameworksBuildPhase section */

/* Begin PBXGroup section */
		A08B0342259577A2003C7B32 /* Algorithms */ = {
			isa = PBXGroup;
			children = (
			);
			path = Algorithms;
			sourceTree = "<group>";
		};
		A08B034725967B07003C7B32 /* Data Structures */ = {
			isa = PBXGroup;
			children = (
				A08B034825967B14003C7B32 /* Heap.swift */,
			);
			path = "Data Structures";
			sourceTree = "<group>";
		};
		A0D00BB225950DEE003BC217 = {
			isa = PBXGroup;
			children = (
				A0D00BBD25950DEE003BC217 /* PathFinder */,
				A0D00BBC25950DEE003BC217 /* Products */,
			);
			sourceTree = "<group>";
		};
		A0D00BBC25950DEE003BC217 /* Products */ = {
			isa = PBXGroup;
			children = (
				A0D00BBB25950DEE003BC217 /* PathFinder.app */,
			);
			name = Products;
			sourceTree = "<group>";
		};
		A0D00BBD25950DEE003BC217 /* PathFinder */ = {
			isa = PBXGroup;
			children = (
				A08B034725967B07003C7B32 /* Data Structures */,
				A08B0342259577A2003C7B32 /* Algorithms */,
				A0D00BD62595100F003BC217 /* Models */,
				A0D00BCF25950E93003BC217 /* Views */,
				A0D00BBE25950DEE003BC217 /* PathFinderApp.swift */,
				A0D00BC025950DEE003BC217 /* ContentView.swift */,
				A0D00BC225950DF0003BC217 /* Assets.xcassets */,
				A0D00BC725950DF0003BC217 /* Info.plist */,
				A0D00BC825950DF0003BC217 /* PathFinder.entitlements */,
				A0D00BC425950DF0003BC217 /* Preview Content */,
			);
			path = PathFinder;
			sourceTree = "<group>";
		};
		A0D00BC425950DF0003BC217 /* Preview Content */ = {
			isa = PBXGroup;
			children = (
				A0D00BC525950DF0003BC217 /* Preview Assets.xcassets */,
			);
			path = "Preview Content";
			sourceTree = "<group>";
		};
		A0D00BCF25950E93003BC217 /* Views */ = {
			isa = PBXGroup;
			children = (
				A0D00BD025950E9E003BC217 /* GridView.swift */,
				A0D00BD325950EA7003BC217 /* ToolBarView.swift */,
			);
			path = Views;
			sourceTree = "<group>";
		};
		A0D00BD62595100F003BC217 /* Models */ = {
			isa = PBXGroup;
			children = (
				A0D00BD725951023003BC217 /* GridItem.swift */,
				A0D00BDA2595102A003BC217 /* Grid.swift */,
			);
			path = Models;
			sourceTree = "<group>";
		};
/* End PBXGroup section */

/* Begin PBXNativeTarget section */
		A0D00BBA25950DEE003BC217 /* PathFinder */ = {
			isa = PBXNativeTarget;
			buildConfigurationList = A0D00BCB25950DF0003BC217 /* Build configuration list for PBXNativeTarget "PathFinder" */;
			buildPhases = (
				A0D00BB725950DEE003BC217 /* Sources */,
				A0D00BB825950DEE003BC217 /* Frameworks */,
				A0D00BB925950DEE003BC217 /* Resources */,
			);
			buildRules = (
			);
			dependencies = (
			);
			name = PathFinder;
			productName = PathFinder;
			productReference = A0D00BBB25950DEE003BC217 /* PathFinder.app */;
			productType = "com.apple.product-type.application";
		};
/* End PBXNativeTarget section */

/* Begin PBXProject section */
		A0D00BB325950DEE003BC217 /* Project object */ = {
			isa = PBXProject;
			attributes = {
				LastSwiftUpdateCheck = 1230;
				LastUpgradeCheck = 1230;
				TargetAttributes = {
					A0D00BBA25950DEE003BC217 = {
						CreatedOnToolsVersion = 12.3;
					};
				};
			};
			buildConfigurationList = A0D00BB625950DEE003BC217 /* Build configuration list for PBXProject "PathFinder" */;
			compatibilityVersion = "Xcode 9.3";
			developmentRegion = en;
			hasScannedForEncodings = 0;
			knownRegions = (
				en,
				Base,
			);
			mainGroup = A0D00BB225950DEE003BC217;
			productRefGroup = A0D00BBC25950DEE003BC217 /* Products */;
			projectDirPath = "";
			projectRoot = "";
			targets = (
				A0D00BBA25950DEE003BC217 /* PathFinder */,
			);
		};
/* End PBXProject section */

/* Begin PBXResourcesBuildPhase section */
		A0D00BB925950DEE003BC217 /* Resources */ = {
			isa = PBXResourcesBuildPhase;
			buildActionMask = 2147483647;
			files = (
				A0D00BC625950DF0003BC217 /* Preview Assets.xcassets in Resources */,
				A0D00BC325950DF0003BC217 /* Assets.xcassets in Resources */,
			);
			runOnlyForDeploymentPostprocessing = 0;
		};
/* End PBXResourcesBuildPhase section */

/* Begin PBXSourcesBuildPhase section */
		A0D00BB725950DEE003BC217 /* Sources */ = {
			isa = PBXSourcesBuildPhase;
			buildActionMask = 2147483647;
			files = (
				A0D00BC125950DEE003BC217 /* ContentView.swift in Sources */,
				A0D00BD125950E9E003BC217 /* GridView.swift in Sources */,
				A0D00BD825951023003BC217 /* GridItem.swift in Sources */,
				A08B034925967B14003C7B32 /* Heap.swift in Sources */,
				A0D00BD425950EA7003BC217 /* ToolBarView.swift in Sources */,
				A0D00BBF25950DEE003BC217 /* PathFinderApp.swift in Sources */,
				A0D00BDB2595102A003BC217 /* Grid.swift in Sources */,
			);
			runOnlyForDeploymentPostprocessing = 0;
		};
/* End PBXSourcesBuildPhase section */

/* Begin XCBuildConfiguration section */
		A0D00BC925950DF0003BC217 /* Debug */ = {
			isa = XCBuildConfiguration;
			buildSettings = {
				ALWAYS_SEARCH_USER_PATHS = NO;
				CLANG_ANALYZER_NONNULL = YES;
				CLANG_ANALYZER_NUMBER_OBJECT_CONVERSION = YES_AGGRESSIVE;
				CLANG_CXX_LANGUAGE_STANDARD = "gnu++14";
				CLANG_CXX_LIBRARY = "libc++";
				CLANG_ENABLE_MODULES = YES;
				CLANG_ENABLE_OBJC_ARC = YES;
				CLANG_ENABLE_OBJC_WEAK = YES;
				CLANG_WARN_BLOCK_CAPTURE_AUTORELEASING = YES;
				CLANG_WARN_BOOL_CONVERSION = YES;
				CLANG_WARN_COMMA = YES;
				CLANG_WARN_CONSTANT_CONVERSION = YES;
				CLANG_WARN_DEPRECATED_OBJC_IMPLEMENTATIONS = YES;
				CLANG_WARN_DIRECT_OBJC_ISA_USAGE = YES_ERROR;
				CLANG_WARN_DOCUMENTATION_COMMENTS = YES;
				CLANG_WARN_EMPTY_BODY = YES;
				CLANG_WARN_ENUM_CONVERSION = YES;
				CLANG_WARN_INFINITE_RECURSION = YES;
				CLANG_WARN_INT_CONVERSION = YES;
				CLANG_WARN_NON_LITERAL_NULL_CONVERSION = YES;
				CLANG_WARN_OBJC_IMPLICIT_RETAIN_SELF = YES;
				CLANG_WARN_OBJC_LITERAL_CONVERSION = YES;
				CLANG_WARN_OBJC_ROOT_CLASS = YES_ERROR;
				CLANG_WARN_QUOTED_INCLUDE_IN_FRAMEWORK_HEADER = YES;
				CLANG_WARN_RANGE_LOOP_ANALYSIS = YES;
				CLANG_WARN_STRICT_PROTOTYPES = YES;
				CLANG_WARN_SUSPICIOUS_MOVE = YES;
				CLANG_WARN_UNGUARDED_AVAILABILITY = YES_AGGRESSIVE;
				CLANG_WARN_UNREACHABLE_CODE = YES;
				CLANG_WARN__DUPLICATE_METHOD_MATCH = YES;
				COPY_PHASE_STRIP = NO;
				DEBUG_INFORMATION_FORMAT = dwarf;
				ENABLE_STRICT_OBJC_MSGSEND = YES;
				ENABLE_TESTABILITY = YES;
				GCC_C_LANGUAGE_STANDARD = gnu11;
				GCC_DYNAMIC_NO_PIC = NO;
				GCC_NO_COMMON_BLOCKS = YES;
				GCC_OPTIMIZATION_LEVEL = 0;
				GCC_PREPROCESSOR_DEFINITIONS = (
					"DEBUG=1",
					"$(inherited)",
				);
				GCC_WARN_64_TO_32_BIT_CONVERSION = YES;
				GCC_WARN_ABOUT_RETURN_TYPE = YES_ERROR;
				GCC_WARN_UNDECLARED_SELECTOR = YES;
				GCC_WARN_UNINITIALIZED_AUTOS = YES_AGGRESSIVE;
				GCC_WARN_UNUSED_FUNCTION = YES;
				GCC_WARN_UNUSED_VARIABLE = YES;
				MACOSX_DEPLOYMENT_TARGET = 11.1;
				MTL_ENABLE_DEBUG_INFO = INCLUDE_SOURCE;
				MTL_FAST_MATH = YES;
				ONLY_ACTIVE_ARCH = YES;
				SDKROOT = macosx;
				SWIFT_ACTIVE_COMPILATION_CONDITIONS = DEBUG;
				SWIFT_OPTIMIZATION_LEVEL = "-Onone";
			};
			name = Debug;
		};
		A0D00BCA25950DF0003BC217 /* Release */ = {
			isa = XCBuildConfiguration;
			buildSettings = {
				ALWAYS_SEARCH_USER_PATHS = NO;
				CLANG_ANALYZER_NONNULL = YES;
				CLANG_ANALYZER_NUMBER_OBJECT_CONVERSION = YES_AGGRESSIVE;
				CLANG_CXX_LANGUAGE_STANDARD = "gnu++14";
				CLANG_CXX_LIBRARY = "libc++";
				CLANG_ENABLE_MODULES = YES;
				CLANG_ENABLE_OBJC_ARC = YES;
				CLANG_ENABLE_OBJC_WEAK = YES;
				CLANG_WARN_BLOCK_CAPTURE_AUTORELEASING = YES;
				CLANG_WARN_BOOL_CONVERSION = YES;
				CLANG_WARN_COMMA = YES;
				CLANG_WARN_CONSTANT_CONVERSION = YES;
				CLANG_WARN_DEPRECATED_OBJC_IMPLEMENTATIONS = YES;
				CLANG_WARN_DIRECT_OBJC_ISA_USAGE = YES_ERROR;
				CLANG_WARN_DOCUMENTATION_COMMENTS = YES;
				CLANG_WARN_EMPTY_BODY = YES;
				CLANG_WARN_ENUM_CONVERSION = YES;
				CLANG_WARN_INFINITE_RECURSION = YES;
				CLANG_WARN_INT_CONVERSION = YES;
				CLANG_WARN_NON_LITERAL_NULL_CONVERSION = YES;
				CLANG_WARN_OBJC_IMPLICIT_RETAIN_SELF = YES;
				CLANG_WARN_OBJC_LITERAL_CONVERSION = YES;
				CLANG_WARN_OBJC_ROOT_CLASS = YES_ERROR;
				CLANG_WARN_QUOTED_INCLUDE_IN_FRAMEWORK_HEADER = YES;
				CLANG_WARN_RANGE_LOOP_ANALYSIS = YES;
				CLANG_WARN_STRICT_PROTOTYPES = YES;
				CLANG_WARN_SUSPICIOUS_MOVE = YES;
				CLANG_WARN_UNGUARDED_AVAILABILITY = YES_AGGRESSIVE;
				CLANG_WARN_UNREACHABLE_CODE = YES;
				CLANG_WARN__DUPLICATE_METHOD_MATCH = YES;
				COPY_PHASE_STRIP = NO;
				DEBUG_INFORMATION_FORMAT = "dwarf-with-dsym";
				ENABLE_NS_ASSERTIONS = NO;
				ENABLE_STRICT_OBJC_MSGSEND = YES;
				GCC_C_LANGUAGE_STANDARD = gnu11;
				GCC_NO_COMMON_BLOCKS = YES;
				GCC_WARN_64_TO_32_BIT_CONVERSION = YES;
				GCC_WARN_ABOUT_RETURN_TYPE = YES_ERROR;
				GCC_WARN_UNDECLARED_SELECTOR = YES;
				GCC_WARN_UNINITIALIZED_AUTOS = YES_AGGRESSIVE;
				GCC_WARN_UNUSED_FUNCTION = YES;
				GCC_WARN_UNUSED_VARIABLE = YES;
				MACOSX_DEPLOYMENT_TARGET = 11.1;
				MTL_ENABLE_DEBUG_INFO = NO;
				MTL_FAST_MATH = YES;
				SDKROOT = macosx;
				SWIFT_COMPILATION_MODE = wholemodule;
				SWIFT_OPTIMIZATION_LEVEL = "-O";
			};
			name = Release;
		};
		A0D00BCC25950DF0003BC217 /* Debug */ = {
			isa = XCBuildConfiguration;
			buildSettings = {
				ASSETCATALOG_COMPILER_APPICON_NAME = AppIcon;
				ASSETCATALOG_COMPILER_GLOBAL_ACCENT_COLOR_NAME = AccentColor;
				CODE_SIGN_ENTITLEMENTS = PathFinder/PathFinder.entitlements;
				CODE_SIGN_STYLE = Automatic;
				COMBINE_HIDPI_IMAGES = YES;
				DEVELOPMENT_ASSET_PATHS = "\"PathFinder/Preview Content\"";
				DEVELOPMENT_TEAM = X3CPPN2HPB;
				ENABLE_HARDENED_RUNTIME = YES;
				ENABLE_PREVIEWS = YES;
				INFOPLIST_FILE = PathFinder/Info.plist;
				LD_RUNPATH_SEARCH_PATHS = (
					"$(inherited)",
					"@executable_path/../Frameworks",
				);
				MACOSX_DEPLOYMENT_TARGET = 11.0;
				PRODUCT_BUNDLE_IDENTIFIER = com.abraham.PathFinder;
				PRODUCT_NAME = "$(TARGET_NAME)";
				SWIFT_VERSION = 5.0;
			};
			name = Debug;
		};
		A0D00BCD25950DF0003BC217 /* Release */ = {
			isa = XCBuildConfiguration;
			buildSettings = {
				ASSETCATALOG_COMPILER_APPICON_NAME = AppIcon;
				ASSETCATALOG_COMPILER_GLOBAL_ACCENT_COLOR_NAME = AccentColor;
				CODE_SIGN_ENTITLEMENTS = PathFinder/PathFinder.entitlements;
				CODE_SIGN_STYLE = Automatic;
				COMBINE_HIDPI_IMAGES = YES;
				DEVELOPMENT_ASSET_PATHS = "\"PathFinder/Preview Content\"";
				DEVELOPMENT_TEAM = X3CPPN2HPB;
				ENABLE_HARDENED_RUNTIME = YES;
				ENABLE_PREVIEWS = YES;
				INFOPLIST_FILE = PathFinder/Info.plist;
				LD_RUNPATH_SEARCH_PATHS = (
					"$(inherited)",
					"@executable_path/../Frameworks",
				);
				MACOSX_DEPLOYMENT_TARGET = 11.0;
				PRODUCT_BUNDLE_IDENTIFIER = com.abraham.PathFinder;
				PRODUCT_NAME = "$(TARGET_NAME)";
				SWIFT_VERSION = 5.0;
			};
			name = Release;
		};
/* End XCBuildConfiguration section */

/* Begin XCConfigurationList section */
		A0D00BB625950DEE003BC217 /* Build configuration list for PBXProject "PathFinder" */ = {
			isa = XCConfigurationList;
			buildConfigurations = (
				A0D00BC925950DF0003BC217 /* Debug */,
				A0D00BCA25950DF0003BC217 /* Release */,
			);
			defaultConfigurationIsVisible = 0;
			defaultConfigurationName = Release;
		};
		A0D00BCB25950DF0003BC217 /* Build configuration list for PBXNativeTarget "PathFinder" */ = {
			isa = XCConfigurationList;
			buildConfigurations = (
				A0D00BCC25950DF0003BC217 /* Debug */,
				A0D00BCD25950DF0003BC217 /* Release */,
			);
			defaultConfigurationIsVisible = 0;
			defaultConfigurationName = Release;
		};
/* End XCConfigurationList section */
	};
	rootObject = A0D00BB325950DEE003BC217 /* Project object */;
}
